PODS:
  - GCDWebServer (3.4.2):
    - GCDWebServer/Core (= 3.4.2)
  - GCDWebServer/Core (3.4.2)

DEPENDENCIES:
  - GCDWebServer (~> 3.4.2)

SPEC REPOS:
  https://github.com/cocoapods/specs.git:
    - GCDWebServer

SPEC CHECKSUMS:
  GCDWebServer: 8d67ee9f634b4bb91eb4b8aee440318a5fc6debd

PODFILE CHECKSUM: 4b0ed9e6b8d78a788e8cf618e152d04a767d4fa8

COCOAPODS: 1.5.3
